
Microsoft Visual Studio Solution File, Format Version 12.00
# Visual Studio 15
VisualStudioVersion = 15.0.27428.2011
MinimumVisualStudioVersion = 10.0.40219.1
Project("{9A19103F-16F7-4668-BE54-9A1E7A4F7556}") = "PalindromeChecker.SharedCode", "PalindromeChecker.SharedCode\PalindromeChecker.SharedCode.csproj", "{EA05B978-4654-4E9E-991F-CE3E37831822}"
EndProject
Project("{FAE04EC0-301F-11D3-BF4B-00C04F79EFBC}") = "PalindromeChecker.UserInterface.Console", "PalindromeChecker.UI.Console\PalindromeChecker.UserInterface.Console.csproj", "{94AE483B-D5B1-4783-AD29-92B2BFAA5A8A}"
EndProject
Project("{FAE04EC0-301F-11D3-BF4B-00C04F79EFBC}") = "PalindromeChecker.UserInterface.WPF", "PalindromeChecker.UI.WPF\PalindromeChecker.UserInterface.WPF.csproj", "{123FFF5F-228F-44AB-9368-4904F390F63D}"
EndProject
Project("{2150E333-8FDC-42A3-9474-1A3956D46DE8}") = "SharedCode", "SharedCode", "{D0AE9FC1-71C2-4C5C-9D0D-7B550A55EF3B}"
EndProject
Project("{2150E333-8FDC-42A3-9474-1A3956D46DE8}") = "UserInterface", "UserInterface", "{89F3ACAF-B8AB-44EF-910C-5950DB9CF456}"
EndProject
Project("{FAE04EC0-301F-11D3-BF4B-00C04F79EFBC}") = "PalindromeChecker.UserInterface.UWP", "PalindromeChecker.UserInterface.UWP\PalindromeChecker.UserInterface.UWP.csproj", "{21134EFC-336F-4282-B8C4-426782C05507}"
EndProject
Global
	GlobalSection(SolutionConfigurationPlatforms) = preSolution
		Debug|Any CPU = Debug|Any CPU
		Debug|ARM = Debug|ARM
		Debug|x64 = Debug|x64
		Debug|x86 = Debug|x86
		Release|Any CPU = Release|Any CPU
		Release|ARM = Release|ARM
		Release|x64 = Release|x64
		Release|x86 = Release|x86
	EndGlobalSection
	GlobalSection(ProjectConfigurationPlatforms) = postSolution
		{EA05B978-4654-4E9E-991F-CE3E37831822}.Debug|Any CPU.ActiveCfg = Debug|Any CPU
		{EA05B978-4654-4E9E-991F-CE3E37831822}.Debug|Any CPU.Build.0 = Debug|Any CPU
		{EA05B978-4654-4E9E-991F-CE3E37831822}.Debug|ARM.ActiveCfg = Debug|Any CPU
		{EA05B978-4654-4E9E-991F-CE3E37831822}.Debug|ARM.Build.0 = Debug|Any CPU
		{EA05B978-4654-4E9E-991F-CE3E37831822}.Debug|x64.ActiveCfg = Debug|Any CPU
		{EA05B978-4654-4E9E-991F-CE3E37831822}.Debug|x64.Build.0 = Debug|Any CPU
		{EA05B978-4654-4E9E-991F-CE3E37831822}.Debug|x86.ActiveCfg = Debug|Any CPU
		{EA05B978-4654-4E9E-991F-CE3E37831822}.Debug|x86.Build.0 = Debug|Any CPU
		{EA05B978-4654-4E9E-991F-CE3E37831822}.Release|Any CPU.ActiveCfg = Release|Any CPU
		{EA05B978-4654-4E9E-991F-CE3E37831822}.Release|Any CPU.Build.0 = Release|Any CPU
		{EA05B978-4654-4E9E-991F-CE3E37831822}.Release|ARM.ActiveCfg = Release|Any CPU
		{EA05B978-4654-4E9E-991F-CE3E37831822}.Release|ARM.Build.0 = Release|Any CPU
		{EA05B978-4654-4E9E-991F-CE3E37831822}.Release|x64.ActiveCfg = Release|Any CPU
		{EA05B978-4654-4E9E-991F-CE3E37831822}.Release|x64.Build.0 = Release|Any CPU
		{EA05B978-4654-4E9E-991F-CE3E37831822}.Release|x86.ActiveCfg = Release|Any CPU
		{EA05B978-4654-4E9E-991F-CE3E37831822}.Release|x86.Build.0 = Release|Any CPU
		{94AE483B-D5B1-4783-AD29-92B2BFAA5A8A}.Debug|Any CPU.ActiveCfg = Debug|Any CPU
		{94AE483B-D5B1-4783-AD29-92B2BFAA5A8A}.Debug|Any CPU.Build.0 = Debug|Any CPU
		{94AE483B-D5B1-4783-AD29-92B2BFAA5A8A}.Debug|ARM.ActiveCfg = Debug|Any CPU
		{94AE483B-D5B1-4783-AD29-92B2BFAA5A8A}.Debug|ARM.Build.0 = Debug|Any CPU
		{94AE483B-D5B1-4783-AD29-92B2BFAA5A8A}.Debug|x64.ActiveCfg = Debug|Any CPU
		{94AE483B-D5B1-4783-AD29-92B2BFAA5A8A}.Debug|x64.Build.0 = Debug|Any CPU
		{94AE483B-D5B1-4783-AD29-92B2BFAA5A8A}.Debug|x86.ActiveCfg = Debug|Any CPU
		{94AE483B-D5B1-4783-AD29-92B2BFAA5A8A}.Debug|x86.Build.0 = Debug|Any CPU
		{94AE483B-D5B1-4783-AD29-92B2BFAA5A8A}.Release|Any CPU.ActiveCfg = Release|Any CPU
		{94AE483B-D5B1-4783-AD29-92B2BFAA5A8A}.Release|Any CPU.Build.0 = Release|Any CPU
		{94AE483B-D5B1-4783-AD29-92B2BFAA5A8A}.Release|ARM.ActiveCfg = Release|Any CPU
		{94AE483B-D5B1-4783-AD29-92B2BFAA5A8A}.Release|ARM.Build.0 = Release|Any CPU
		{94AE483B-D5B1-4783-AD29-92B2BFAA5A8A}.Release|x64.ActiveCfg = Release|Any CPU
		{94AE483B-D5B1-4783-AD29-92B2BFAA5A8A}.Release|x64.Build.0 = Release|Any CPU
		{94AE483B-D5B1-4783-AD29-92B2BFAA5A8A}.Release|x86.ActiveCfg = Release|Any CPU
		{94AE483B-D5B1-4783-AD29-92B2BFAA5A8A}.Release|x86.Build.0 = Release|Any CPU
		{123FFF5F-228F-44AB-9368-4904F390F63D}.Debug|Any CPU.ActiveCfg = Debug|Any CPU
		{123FFF5F-228F-44AB-9368-4904F390F63D}.Debug|Any CPU.Build.0 = Debug|Any CPU
		{123FFF5F-228F-44AB-9368-4904F390F63D}.Debug|ARM.ActiveCfg = Debug|Any CPU
		{123FFF5F-228F-44AB-9368-4904F390F63D}.Debug|ARM.Build.0 = Debug|Any CPU
		{123FFF5F-228F-44AB-9368-4904F390F63D}.Debug|x64.ActiveCfg = Debug|Any CPU
		{123FFF5F-228F-44AB-9368-4904F390F63D}.Debug|x64.Build.0 = Debug|Any CPU
		{123FFF5F-228F-44AB-9368-4904F390F63D}.Debug|x86.ActiveCfg = Debug|Any CPU
		{123FFF5F-228F-44AB-9368-4904F390F63D}.Debug|x86.Build.0 = Debug|Any CPU
		{123FFF5F-228F-44AB-9368-4904F390F63D}.Release|Any CPU.ActiveCfg = Release|Any CPU
		{123FFF5F-228F-44AB-9368-4904F390F63D}.Release|Any CPU.Build.0 = Release|Any CPU
		{123FFF5F-228F-44AB-9368-4904F390F63D}.Release|ARM.ActiveCfg = Release|Any CPU
		{123FFF5F-228F-44AB-9368-4904F390F63D}.Release|ARM.Build.0 = Release|Any CPU
		{123FFF5F-228F-44AB-9368-4904F390F63D}.Release|x64.ActiveCfg = Release|Any CPU
		{123FFF5F-228F-44AB-9368-4904F390F63D}.Release|x64.Build.0 = Release|Any CPU
		{123FFF5F-228F-44AB-9368-4904F390F63D}.Release|x86.ActiveCfg = Release|Any CPU
		{123FFF5F-228F-44AB-9368-4904F390F63D}.Release|x86.Build.0 = Release|Any CPU
		{21134EFC-336F-4282-B8C4-426782C05507}.Debug|Any CPU.ActiveCfg = Debug|x86
		{21134EFC-336F-4282-B8C4-426782C05507}.Debug|Any CPU.Build.0 = Debug|x86
		{21134EFC-336F-4282-B8C4-426782C05507}.Debug|Any CPU.Deploy.0 = Debug|x86
		{21134EFC-336F-4282-B8C4-426782C05507}.Debug|ARM.ActiveCfg = Debug|ARM
		{21134EFC-336F-4282-B8C4-426782C05507}.Debug|ARM.Build.0 = Debug|ARM
		{21134EFC-336F-4282-B8C4-426782C05507}.Debug|ARM.Deploy.0 = Debug|ARM
		{21134EFC-336F-4282-B8C4-426782C05507}.Debug|x64.ActiveCfg = Debug|x64
		{21134EFC-336F-4282-B8C4-426782C05507}.Debug|x64.Build.0 = Debug|x64
		{21134EFC-336F-4282-B8C4-426782C05507}.Debug|x64.Deploy.0 = Debug|x64
		{21134EFC-336F-4282-B8C4-426782C05507}.Debug|x86.ActiveCfg = Debug|x86
		{21134EFC-336F-4282-B8C4-426782C05507}.Debug|x86.Build.0 = Debug|x86
		{21134EFC-336F-4282-B8C4-426782C05507}.Debug|x86.Deploy.0 = Debug|x86
		{21134EFC-336F-4282-B8C4-426782C05507}.Release|Any CPU.ActiveCfg = Release|x86
		{21134EFC-336F-4282-B8C4-426782C05507}.Release|ARM.ActiveCfg = Release|ARM
		{21134EFC-336F-4282-B8C4-426782C05507}.Release|ARM.Build.0 = Release|ARM
		{21134EFC-336F-4282-B8C4-426782C05507}.Release|ARM.Deploy.0 = Release|ARM
		{21134EFC-336F-4282-B8C4-426782C05507}.Release|x64.ActiveCfg = Release|x64
		{21134EFC-336F-4282-B8C4-426782C05507}.Release|x64.Build.0 = Release|x64
		{21134EFC-336F-4282-B8C4-426782C05507}.Release|x64.Deploy.0 = Release|x64
		{21134EFC-336F-4282-B8C4-426782C05507}.Release|x86.ActiveCfg = Release|x86
		{21134EFC-336F-4282-B8C4-426782C05507}.Release|x86.Build.0 = Release|x86
		{21134EFC-336F-4282-B8C4-426782C05507}.Release|x86.Deploy.0 = Release|x86
	EndGlobalSection
	GlobalSection(SolutionProperties) = preSolution
		HideSolutionNode = FALSE
	EndGlobalSection
	GlobalSection(NestedProjects) = preSolution
		{EA05B978-4654-4E9E-991F-CE3E37831822} = {D0AE9FC1-71C2-4C5C-9D0D-7B550A55EF3B}
		{94AE483B-D5B1-4783-AD29-92B2BFAA5A8A} = {89F3ACAF-B8AB-44EF-910C-5950DB9CF456}
		{123FFF5F-228F-44AB-9368-4904F390F63D} = {89F3ACAF-B8AB-44EF-910C-5950DB9CF456}
		{21134EFC-336F-4282-B8C4-426782C05507} = {89F3ACAF-B8AB-44EF-910C-5950DB9CF456}
	EndGlobalSection
	GlobalSection(ExtensibilityGlobals) = postSolution
		SolutionGuid = {389DAEA2-3846-4C18-B473-249D2A7296D4}
	EndGlobalSection
EndGlobal
